// !$*UTF8*$!
{
	archiveVersion = 1;
	classes = {
	};
	objectVersion = 54;
	objects = {

/* Begin PBXBuildFile section */
		1A2CA8D825FBB8CA00398FAC /* PacketTunnelProvider.swift in Sources */ = {isa = PBXBuildFile; fileRef = 1A2CA8D725FBB8CA00398FAC /* PacketTunnelProvider.swift */; };
		1A2CA8DD25FBB8CA00398FAC /* tunnel.appex in Embed App Extensions */ = {isa = PBXBuildFile; fileRef = 1A2CA8D425FBB8CA00398FAC /* tunnel.appex */; settings = {ATTRIBUTES = (RemoveHeadersOnCopy, ); }; };
		1A3B6DDE284F4F6200C5B656 /* ConnectViewController.xib in Resources */ = {isa = PBXBuildFile; fileRef = 1A3B6DDD284F4F6200C5B656 /* ConnectViewController.xib */; };
		1A5D477E284E7B7D00B2141F /* ConnectPresenter.swift in Sources */ = {isa = PBXBuildFile; fileRef = 1A5D4777284E7B7D00B2141F /* ConnectPresenter.swift */; };
		1A5D477F284E7B7D00B2141F /* ConnectWorker.swift in Sources */ = {isa = PBXBuildFile; fileRef = 1A5D4778284E7B7D00B2141F /* ConnectWorker.swift */; };
		1A5D4780284E7B7D00B2141F /* ConnectRouter.swift in Sources */ = {isa = PBXBuildFile; fileRef = 1A5D4779284E7B7D00B2141F /* ConnectRouter.swift */; };
		1A5D4781284E7B7D00B2141F /* ConnectModels.swift in Sources */ = {isa = PBXBuildFile; fileRef = 1A5D477A284E7B7D00B2141F /* ConnectModels.swift */; };
		1A5D4782284E7B7D00B2141F /* ConnectViewController.swift in Sources */ = {isa = PBXBuildFile; fileRef = 1A5D477B284E7B7D00B2141F /* ConnectViewController.swift */; };
		1A5D4783284E7B7D00B2141F /* ConnectInteractor.swift in Sources */ = {isa = PBXBuildFile; fileRef = 1A5D477C284E7B7D00B2141F /* ConnectInteractor.swift */; };
		1A7191942617939B00403CC4 /* Units.swift in Sources */ = {isa = PBXBuildFile; fileRef = 1A7191932617939B00403CC4 /* Units.swift */; };
		1A75291928526D140062C062 /* VPNDataFetcher.swift in Sources */ = {isa = PBXBuildFile; fileRef = 1A75291828526D140062C062 /* VPNDataFetcher.swift */; };
		1A75294E28527D630062C062 /* us1-udp53.ovpn in Resources */ = {isa = PBXBuildFile; fileRef = 1A75292B28527D620062C062 /* us1-udp53.ovpn */; };
		1ABD614C284F887E005C0227 /* CountriesPresenter.swift in Sources */ = {isa = PBXBuildFile; fileRef = 1ABD6145284F887E005C0227 /* CountriesPresenter.swift */; };
		1ABD614D284F887E005C0227 /* CountriesWorker.swift in Sources */ = {isa = PBXBuildFile; fileRef = 1ABD6146284F887E005C0227 /* CountriesWorker.swift */; };
		1ABD614E284F887E005C0227 /* CountriesRouter.swift in Sources */ = {isa = PBXBuildFile; fileRef = 1ABD6147284F887E005C0227 /* CountriesRouter.swift */; };
		1ABD614F284F887E005C0227 /* CountriesModels.swift in Sources */ = {isa = PBXBuildFile; fileRef = 1ABD6148284F887E005C0227 /* CountriesModels.swift */; };
		1ABD6150284F887E005C0227 /* CountriesViewController.swift in Sources */ = {isa = PBXBuildFile; fileRef = 1ABD6149284F887E005C0227 /* CountriesViewController.swift */; };
		1ABD6151284F887E005C0227 /* CountriesInteractor.swift in Sources */ = {isa = PBXBuildFile; fileRef = 1ABD614A284F887E005C0227 /* CountriesInteractor.swift */; };
		1ABD6152284F887E005C0227 /* CountriesViewController.xib in Resources */ = {isa = PBXBuildFile; fileRef = 1ABD614B284F887E005C0227 /* CountriesViewController.xib */; };
		1ABD6156284F8B0C005C0227 /* CountriesTableViewCell.swift in Sources */ = {isa = PBXBuildFile; fileRef = 1ABD6154284F8B0C005C0227 /* CountriesTableViewCell.swift */; };
		1ABD6157284F8B0C005C0227 /* CountriesTableViewCell.xib in Resources */ = {isa = PBXBuildFile; fileRef = 1ABD6155284F8B0C005C0227 /* CountriesTableViewCell.xib */; };
		1ABD6159284FAF5E005C0227 /* extensionUINavigationController.swift in Sources */ = {isa = PBXBuildFile; fileRef = 1ABD6158284FAF5E005C0227 /* extensionUINavigationController.swift */; };
		1ABFABFD25FBAF010001D09E /* AppDelegate.swift in Sources */ = {isa = PBXBuildFile; fileRef = 1ABFABFC25FBAF010001D09E /* AppDelegate.swift */; };
		1ABFABFF25FBAF010001D09E /* SceneDelegate.swift in Sources */ = {isa = PBXBuildFile; fileRef = 1ABFABFE25FBAF010001D09E /* SceneDelegate.swift */; };
		1ABFAC0625FBAF020001D09E /* Assets.xcassets in Resources */ = {isa = PBXBuildFile; fileRef = 1ABFAC0525FBAF020001D09E /* Assets.xcassets */; };
		1ABFAC0925FBAF020001D09E /* LaunchScreen.storyboard in Resources */ = {isa = PBXBuildFile; fileRef = 1ABFAC0725FBAF020001D09E /* LaunchScreen.storyboard */; };
		1AC547F925FBBB6200635DF7 /* Then.swift in Sources */ = {isa = PBXBuildFile; fileRef = 1AC547F825FBBB6200635DF7 /* Then.swift */; };
		1AE185F12D16BB2400B5C739 /* Pods_StartVPN.framework in Frameworks */ = {isa = PBXBuildFile; fileRef = 8299D6D08DE6DF2CBCBBEF50 /* Pods_StartVPN.framework */; };
		1AE185F42D16BB2800B5C739 /* NetworkExtension.framework in Frameworks */ = {isa = PBXBuildFile; fileRef = 1A2CA8CE25FBB8AE00398FAC /* NetworkExtension.framework */; };
		1AE185F62D16BB7900B5C739 /* NetworkExtension.framework in Frameworks */ = {isa = PBXBuildFile; fileRef = 1A2CA8CE25FBB8AE00398FAC /* NetworkExtension.framework */; };
		1AE185F92D16BB7A00B5C739 /* Pods_tunnel.framework in Frameworks */ = {isa = PBXBuildFile; fileRef = 99EB01331948996132AB8FFF /* Pods_tunnel.framework */; };
		1AE185FB2D16BB7C00B5C739 /* SystemConfiguration.framework in Frameworks */ = {isa = PBXBuildFile; fileRef = 1AC547FE25FBBC3300635DF7 /* SystemConfiguration.framework */; };
		1AE185FD2D16BB7D00B5C739 /* UIKit.framework in Frameworks */ = {isa = PBXBuildFile; fileRef = 1AC547FC25FBBC2B00635DF7 /* UIKit.framework */; };
		1AE2153825FBD0EB00175CA5 /* extensionUIButton.swift in Sources */ = {isa = PBXBuildFile; fileRef = 1AE2153725FBD0EB00175CA5 /* extensionUIButton.swift */; };
/* End PBXBuildFile section */

/* Begin PBXContainerItemProxy section */
		1A2CA8DB25FBB8CA00398FAC /* PBXContainerItemProxy */ = {
			isa = PBXContainerItemProxy;
			containerPortal = 1ABFABF125FBAF010001D09E /* Project object */;
			proxyType = 1;
			remoteGlobalIDString = 1A2CA8D325FBB8CA00398FAC;
			remoteInfo = tunnel;
		};
/* End PBXContainerItemProxy section */

/* Begin PBXCopyFilesBuildPhase section */
		1A2CA8E125FBB8CA00398FAC /* Embed App Extensions */ = {
			isa = PBXCopyFilesBuildPhase;
			buildActionMask = 2147483647;
			dstPath = "";
			dstSubfolderSpec = 13;
			files = (
				1A2CA8DD25FBB8CA00398FAC /* tunnel.appex in Embed App Extensions */,
			);
			name = "Embed App Extensions";
			runOnlyForDeploymentPostprocessing = 0;
		};
/* End PBXCopyFilesBuildPhase section */

/* Begin PBXFileReference section */
		1A2CA8CC25FBB8AE00398FAC /* StartVPN.entitlements */ = {isa = PBXFileReference; lastKnownFileType = text.plist.entitlements; path = StartVPN.entitlements; sourceTree = "<group>"; };
		1A2CA8CE25FBB8AE00398FAC /* NetworkExtension.framework */ = {isa = PBXFileReference; lastKnownFileType = wrapper.framework; name = NetworkExtension.framework; path = System/Library/Frameworks/NetworkExtension.framework; sourceTree = SDKROOT; };
		1A2CA8D425FBB8CA00398FAC /* tunnel.appex */ = {isa = PBXFileReference; explicitFileType = "wrapper.app-extension"; includeInIndex = 0; path = tunnel.appex; sourceTree = BUILT_PRODUCTS_DIR; };
		1A2CA8D725FBB8CA00398FAC /* PacketTunnelProvider.swift */ = {isa = PBXFileReference; lastKnownFileType = sourcecode.swift; path = PacketTunnelProvider.swift; sourceTree = "<group>"; };
		1A2CA8D925FBB8CA00398FAC /* Info.plist */ = {isa = PBXFileReference; lastKnownFileType = text.plist.xml; path = Info.plist; sourceTree = "<group>"; };
		1A2CA8DA25FBB8CA00398FAC /* tunnel.entitlements */ = {isa = PBXFileReference; lastKnownFileType = text.plist.entitlements; path = tunnel.entitlements; sourceTree = "<group>"; };
		1A3B6DDD284F4F6200C5B656 /* ConnectViewController.xib */ = {isa = PBXFileReference; lastKnownFileType = file.xib; path = ConnectViewController.xib; sourceTree = "<group>"; };
		1A5D4777284E7B7D00B2141F /* ConnectPresenter.swift */ = {isa = PBXFileReference; lastKnownFileType = sourcecode.swift; path = ConnectPresenter.swift; sourceTree = "<group>"; };
		1A5D4778284E7B7D00B2141F /* ConnectWorker.swift */ = {isa = PBXFileReference; lastKnownFileType = sourcecode.swift; path = ConnectWorker.swift; sourceTree = "<group>"; };
		1A5D4779284E7B7D00B2141F /* ConnectRouter.swift */ = {isa = PBXFileReference; lastKnownFileType = sourcecode.swift; path = ConnectRouter.swift; sourceTree = "<group>"; };
		1A5D477A284E7B7D00B2141F /* ConnectModels.swift */ = {isa = PBXFileReference; lastKnownFileType = sourcecode.swift; path = ConnectModels.swift; sourceTree = "<group>"; };
		1A5D477B284E7B7D00B2141F /* ConnectViewController.swift */ = {isa = PBXFileReference; lastKnownFileType = sourcecode.swift; path = ConnectViewController.swift; sourceTree = "<group>"; };
		1A5D477C284E7B7D00B2141F /* ConnectInteractor.swift */ = {isa = PBXFileReference; lastKnownFileType = sourcecode.swift; path = ConnectInteractor.swift; sourceTree = "<group>"; };
		1A7191932617939B00403CC4 /* Units.swift */ = {isa = PBXFileReference; lastKnownFileType = sourcecode.swift; path = Units.swift; sourceTree = "<group>"; };
		1A75291828526D140062C062 /* VPNDataFetcher.swift */ = {isa = PBXFileReference; lastKnownFileType = sourcecode.swift; path = VPNDataFetcher.swift; sourceTree = "<group>"; };
		1A75292B28527D620062C062 /* us1-udp53.ovpn */ = {isa = PBXFileReference; fileEncoding = 4; lastKnownFileType = text; path = "us1-udp53.ovpn"; sourceTree = "<group>"; };
		1ABD6145284F887E005C0227 /* CountriesPresenter.swift */ = {isa = PBXFileReference; lastKnownFileType = sourcecode.swift; path = CountriesPresenter.swift; sourceTree = "<group>"; };
		1ABD6146284F887E005C0227 /* CountriesWorker.swift */ = {isa = PBXFileReference; lastKnownFileType = sourcecode.swift; path = CountriesWorker.swift; sourceTree = "<group>"; };
		1ABD6147284F887E005C0227 /* CountriesRouter.swift */ = {isa = PBXFileReference; lastKnownFileType = sourcecode.swift; path = CountriesRouter.swift; sourceTree = "<group>"; };
		1ABD6148284F887E005C0227 /* CountriesModels.swift */ = {isa = PBXFileReference; lastKnownFileType = sourcecode.swift; path = CountriesModels.swift; sourceTree = "<group>"; };
		1ABD6149284F887E005C0227 /* CountriesViewController.swift */ = {isa = PBXFileReference; lastKnownFileType = sourcecode.swift; path = CountriesViewController.swift; sourceTree = "<group>"; };
		1ABD614A284F887E005C0227 /* CountriesInteractor.swift */ = {isa = PBXFileReference; lastKnownFileType = sourcecode.swift; path = CountriesInteractor.swift; sourceTree = "<group>"; };
		1ABD614B284F887E005C0227 /* CountriesViewController.xib */ = {isa = PBXFileReference; lastKnownFileType = file.xib; path = CountriesViewController.xib; sourceTree = "<group>"; };
		1ABD6154284F8B0C005C0227 /* CountriesTableViewCell.swift */ = {isa = PBXFileReference; lastKnownFileType = sourcecode.swift; path = CountriesTableViewCell.swift; sourceTree = "<group>"; };
		1ABD6155284F8B0C005C0227 /* CountriesTableViewCell.xib */ = {isa = PBXFileReference; lastKnownFileType = file.xib; path = CountriesTableViewCell.xib; sourceTree = "<group>"; };
		1ABD6158284FAF5E005C0227 /* extensionUINavigationController.swift */ = {isa = PBXFileReference; lastKnownFileType = sourcecode.swift; path = extensionUINavigationController.swift; sourceTree = "<group>"; };
		1ABFABF925FBAF010001D09E /* StartVPN.app */ = {isa = PBXFileReference; explicitFileType = wrapper.application; includeInIndex = 0; path = StartVPN.app; sourceTree = BUILT_PRODUCTS_DIR; };
		1ABFABFC25FBAF010001D09E /* AppDelegate.swift */ = {isa = PBXFileReference; lastKnownFileType = sourcecode.swift; path = AppDelegate.swift; sourceTree = "<group>"; };
		1ABFABFE25FBAF010001D09E /* SceneDelegate.swift */ = {isa = PBXFileReference; lastKnownFileType = sourcecode.swift; path = SceneDelegate.swift; sourceTree = "<group>"; };
		1ABFAC0525FBAF020001D09E /* Assets.xcassets */ = {isa = PBXFileReference; lastKnownFileType = folder.assetcatalog; path = Assets.xcassets; sourceTree = "<group>"; };
		1ABFAC0825FBAF020001D09E /* Base */ = {isa = PBXFileReference; lastKnownFileType = file.storyboard; name = Base; path = Base.lproj/LaunchScreen.storyboard; sourceTree = "<group>"; };
		1ABFAC0A25FBAF020001D09E /* Info.plist */ = {isa = PBXFileReference; lastKnownFileType = text.plist.xml; path = Info.plist; sourceTree = "<group>"; };
		1AC547F825FBBB6200635DF7 /* Then.swift */ = {isa = PBXFileReference; lastKnownFileType = sourcecode.swift; path = Then.swift; sourceTree = "<group>"; };
		1AC547FC25FBBC2B00635DF7 /* UIKit.framework */ = {isa = PBXFileReference; lastKnownFileType = wrapper.framework; name = UIKit.framework; path = System/Library/Frameworks/UIKit.framework; sourceTree = SDKROOT; };
		1AC547FE25FBBC3300635DF7 /* SystemConfiguration.framework */ = {isa = PBXFileReference; lastKnownFileType = wrapper.framework; name = SystemConfiguration.framework; path = System/Library/Frameworks/SystemConfiguration.framework; sourceTree = SDKROOT; };
		1AE2153725FBD0EB00175CA5 /* extensionUIButton.swift */ = {isa = PBXFileReference; lastKnownFileType = sourcecode.swift; path = extensionUIButton.swift; sourceTree = "<group>"; };
		24AAFEAA674F8A4028E5B8CD /* Pods-StartVPN.release.xcconfig */ = {isa = PBXFileReference; includeInIndex = 1; lastKnownFileType = text.xcconfig; name = "Pods-StartVPN.release.xcconfig"; path = "Target Support Files/Pods-StartVPN/Pods-StartVPN.release.xcconfig"; sourceTree = "<group>"; };
		5C55D7965F8A5E97C74B545D /* Pods-StartVPN.debug.xcconfig */ = {isa = PBXFileReference; includeInIndex = 1; lastKnownFileType = text.xcconfig; name = "Pods-StartVPN.debug.xcconfig"; path = "Target Support Files/Pods-StartVPN/Pods-StartVPN.debug.xcconfig"; sourceTree = "<group>"; };
		8299D6D08DE6DF2CBCBBEF50 /* Pods_StartVPN.framework */ = {isa = PBXFileReference; explicitFileType = wrapper.framework; includeInIndex = 0; path = Pods_StartVPN.framework; sourceTree = BUILT_PRODUCTS_DIR; };
		99EB01331948996132AB8FFF /* Pods_tunnel.framework */ = {isa = PBXFileReference; explicitFileType = wrapper.framework; includeInIndex = 0; path = Pods_tunnel.framework; sourceTree = BUILT_PRODUCTS_DIR; };
		B8D21666FFF9A6081D2A95E8 /* Pods-tunnel.release.xcconfig */ = {isa = PBXFileReference; includeInIndex = 1; lastKnownFileType = text.xcconfig; name = "Pods-tunnel.release.xcconfig"; path = "Target Support Files/Pods-tunnel/Pods-tunnel.release.xcconfig"; sourceTree = "<group>"; };
		D1EA71E5A21973A9A4980A36 /* Pods-tunnel.debug.xcconfig */ = {isa = PBXFileReference; includeInIndex = 1; lastKnownFileType = text.xcconfig; name = "Pods-tunnel.debug.xcconfig"; path = "Target Support Files/Pods-tunnel/Pods-tunnel.debug.xcconfig"; sourceTree = "<group>"; };
/* End PBXFileReference section */

/* Begin PBXFrameworksBuildPhase section */
		1A2CA8D125FBB8CA00398FAC /* Frameworks */ = {
			isa = PBXFrameworksBuildPhase;
			buildActionMask = 2147483647;
			files = (
				1AE185F92D16BB7A00B5C739 /* Pods_tunnel.framework in Frameworks */,
				1AE185FD2D16BB7D00B5C739 /* UIKit.framework in Frameworks */,
				1AE185FB2D16BB7C00B5C739 /* SystemConfiguration.framework in Frameworks */,
				1AE185F62D16BB7900B5C739 /* NetworkExtension.framework in Frameworks */,
			);
			runOnlyForDeploymentPostprocessing = 0;
		};
		1ABFABF625FBAF010001D09E /* Frameworks */ = {
			isa = PBXFrameworksBuildPhase;
			buildActionMask = 2147483647;
			files = (
				1AE185F12D16BB2400B5C739 /* Pods_StartVPN.framework in Frameworks */,
				1AE185F42D16BB2800B5C739 /* NetworkExtension.framework in Frameworks */,
			);
			runOnlyForDeploymentPostprocessing = 0;
		};
/* End PBXFrameworksBuildPhase section */

/* Begin PBXGroup section */
		1A2CA8CD25FBB8AE00398FAC /* Frameworks */ = {
			isa = PBXGroup;
			children = (
				1AC547FE25FBBC3300635DF7 /* SystemConfiguration.framework */,
				1AC547FC25FBBC2B00635DF7 /* UIKit.framework */,
				1A2CA8CE25FBB8AE00398FAC /* NetworkExtension.framework */,
				8299D6D08DE6DF2CBCBBEF50 /* Pods_StartVPN.framework */,
				99EB01331948996132AB8FFF /* Pods_tunnel.framework */,
			);
			name = Frameworks;
			sourceTree = "<group>";
		};
		1A5D4763284E6E3600B2141F /* Helpers */ = {
			isa = PBXGroup;
			children = (
				1AE2153725FBD0EB00175CA5 /* extensionUIButton.swift */,
				1A7191932617939B00403CC4 /* Units.swift */,
				1ABD6158284FAF5E005C0227 /* extensionUINavigationController.swift */,
				1A75291828526D140062C062 /* VPNDataFetcher.swift */,
			);
			path = Helpers;
			sourceTree = "<group>";
		};
		1A5D4764284E6F1F00B2141F /* ConnectViewController */ = {
			isa = PBXGroup;
			children = (
				1A5D4777284E7B7D00B2141F /* ConnectPresenter.swift */,
				1A5D4778284E7B7D00B2141F /* ConnectWorker.swift */,
				1A5D4779284E7B7D00B2141F /* ConnectRouter.swift */,
				1A5D477A284E7B7D00B2141F /* ConnectModels.swift */,
				1A5D477B284E7B7D00B2141F /* ConnectViewController.swift */,
				1A5D477C284E7B7D00B2141F /* ConnectInteractor.swift */,
				1A3B6DDD284F4F6200C5B656 /* ConnectViewController.xib */,
			);
			path = ConnectViewController;
			sourceTree = "<group>";
		};
		1A75292928527D620062C062 /* US */ = {
			isa = PBXGroup;
			children = (
				1A75292A28527D620062C062 /* US1 */,
			);
			path = US;
			sourceTree = "<group>";
		};
		1A75292A28527D620062C062 /* US1 */ = {
			isa = PBXGroup;
			children = (
				1A75292B28527D620062C062 /* us1-udp53.ovpn */,
			);
			path = US1;
			sourceTree = "<group>";
		};
		1AB164CF28511B0C000C8804 /* tunnel */ = {
			isa = PBXGroup;
			children = (
				1A2CA8D725FBB8CA00398FAC /* PacketTunnelProvider.swift */,
				1A2CA8D925FBB8CA00398FAC /* Info.plist */,
				1A2CA8DA25FBB8CA00398FAC /* tunnel.entitlements */,
				1AC547F825FBBB6200635DF7 /* Then.swift */,
			);
			path = tunnel;
			sourceTree = "<group>";
		};
		1ABD6144284F87FA005C0227 /* CountriesViewController */ = {
			isa = PBXGroup;
			children = (
				1ABD6153284F89F8005C0227 /* CountriesTableViewCell */,
				1ABD6145284F887E005C0227 /* CountriesPresenter.swift */,
				1ABD6146284F887E005C0227 /* CountriesWorker.swift */,
				1ABD6147284F887E005C0227 /* CountriesRouter.swift */,
				1ABD6148284F887E005C0227 /* CountriesModels.swift */,
				1ABD6149284F887E005C0227 /* CountriesViewController.swift */,
				1ABD614A284F887E005C0227 /* CountriesInteractor.swift */,
				1ABD614B284F887E005C0227 /* CountriesViewController.xib */,
			);
			path = CountriesViewController;
			sourceTree = "<group>";
		};
		1ABD6153284F89F8005C0227 /* CountriesTableViewCell */ = {
			isa = PBXGroup;
			children = (
				1ABD6154284F8B0C005C0227 /* CountriesTableViewCell.swift */,
				1ABD6155284F8B0C005C0227 /* CountriesTableViewCell.xib */,
			);
			path = CountriesTableViewCell;
			sourceTree = "<group>";
		};
		1ABFABF025FBAF010001D09E = {
			isa = PBXGroup;
			children = (
				1ABFABFB25FBAF010001D09E /* StartVPN */,
				1AB164CF28511B0C000C8804 /* tunnel */,
				1ABFABFA25FBAF010001D09E /* Products */,
				1A2CA8CD25FBB8AE00398FAC /* Frameworks */,
				2E228DC27412D29A39F27C0D /* Pods */,
			);
			sourceTree = "<group>";
		};
		1ABFABFA25FBAF010001D09E /* Products */ = {
			isa = PBXGroup;
			children = (
				1ABFABF925FBAF010001D09E /* StartVPN.app */,
				1A2CA8D425FBB8CA00398FAC /* tunnel.appex */,
			);
			name = Products;
			sourceTree = "<group>";
		};
		1ABFABFB25FBAF010001D09E /* StartVPN */ = {
			isa = PBXGroup;
			children = (
				1ABFABFC25FBAF010001D09E /* AppDelegate.swift */,
				1ABFABFE25FBAF010001D09E /* SceneDelegate.swift */,
				1A5D4763284E6E3600B2141F /* Helpers */,
				1ACA83C32600021300204595 /* VPNProfiles */,
				1A5D4764284E6F1F00B2141F /* ConnectViewController */,
				1ABD6144284F87FA005C0227 /* CountriesViewController */,
				1A2CA8CC25FBB8AE00398FAC /* StartVPN.entitlements */,
				1ABFAC0525FBAF020001D09E /* Assets.xcassets */,
				1ABFAC0725FBAF020001D09E /* LaunchScreen.storyboard */,
				1ABFAC0A25FBAF020001D09E /* Info.plist */,
			);
			path = StartVPN;
			sourceTree = "<group>";
		};
		1ACA83C32600021300204595 /* VPNProfiles */ = {
			isa = PBXGroup;
			children = (
				1A75292928527D620062C062 /* US */,
			);
			path = VPNProfiles;
			sourceTree = "<group>";
		};
		2E228DC27412D29A39F27C0D /* Pods */ = {
			isa = PBXGroup;
			children = (
				5C55D7965F8A5E97C74B545D /* Pods-StartVPN.debug.xcconfig */,
				24AAFEAA674F8A4028E5B8CD /* Pods-StartVPN.release.xcconfig */,
				D1EA71E5A21973A9A4980A36 /* Pods-tunnel.debug.xcconfig */,
				B8D21666FFF9A6081D2A95E8 /* Pods-tunnel.release.xcconfig */,
			);
			path = Pods;
			sourceTree = "<group>";
		};
/* End PBXGroup section */

/* Begin PBXNativeTarget section */
		1A2CA8D325FBB8CA00398FAC /* tunnel */ = {
			isa = PBXNativeTarget;
			buildConfigurationList = 1A2CA8DE25FBB8CA00398FAC /* Build configuration list for PBXNativeTarget "tunnel" */;
			buildPhases = (
				BA454ADF32B7767D2FAB7E1B /* [CP] Check Pods Manifest.lock */,
				1A2CA8D025FBB8CA00398FAC /* Sources */,
				1A2CA8D125FBB8CA00398FAC /* Frameworks */,
				1A2CA8D225FBB8CA00398FAC /* Resources */,
			);
			buildRules = (
			);
			dependencies = (
			);
			name = tunnel;
			productName = tunnel;
			productReference = 1A2CA8D425FBB8CA00398FAC /* tunnel.appex */;
			productType = "com.apple.product-type.app-extension";
		};
		1ABFABF825FBAF010001D09E /* StartVPN */ = {
			isa = PBXNativeTarget;
			buildConfigurationList = 1ABFAC0D25FBAF020001D09E /* Build configuration list for PBXNativeTarget "StartVPN" */;
			buildPhases = (
				53CF66BFA1B29A1FE2B0E442 /* [CP] Check Pods Manifest.lock */,
				1ABFABF525FBAF010001D09E /* Sources */,
				1ABFABF625FBAF010001D09E /* Frameworks */,
				1ABFABF725FBAF010001D09E /* Resources */,
				1A2CA8E125FBB8CA00398FAC /* Embed App Extensions */,
				A391CE66AF4720E0B7F3925E /* [CP] Embed Pods Frameworks */,
			);
			buildRules = (
			);
			dependencies = (
				1A2CA8DC25FBB8CA00398FAC /* PBXTargetDependency */,
			);
			name = StartVPN;
			productName = StartVPN;
			productReference = 1ABFABF925FBAF010001D09E /* StartVPN.app */;
			productType = "com.apple.product-type.application";
		};
/* End PBXNativeTarget section */

/* Begin PBXProject section */
		1ABFABF125FBAF010001D09E /* Project object */ = {
			isa = PBXProject;
			attributes = {
				LastSwiftUpdateCheck = 1240;
				LastUpgradeCheck = 1240;
				TargetAttributes = {
					1A2CA8D325FBB8CA00398FAC = {
						CreatedOnToolsVersion = 12.4;
					};
					1ABFABF825FBAF010001D09E = {
						CreatedOnToolsVersion = 12.4;
					};
				};
			};
			buildConfigurationList = 1ABFABF425FBAF010001D09E /* Build configuration list for PBXProject "StartVPN" */;
			compatibilityVersion = "Xcode 9.3";
			developmentRegion = en;
			hasScannedForEncodings = 0;
			knownRegions = (
				en,
				Base,
			);
			mainGroup = 1ABFABF025FBAF010001D09E;
			productRefGroup = 1ABFABFA25FBAF010001D09E /* Products */;
			projectDirPath = "";
			projectRoot = "";
			targets = (
				1ABFABF825FBAF010001D09E /* StartVPN */,
				1A2CA8D325FBB8CA00398FAC /* tunnel */,
			);
		};
/* End PBXProject section */

/* Begin PBXResourcesBuildPhase section */
		1A2CA8D225FBB8CA00398FAC /* Resources */ = {
			isa = PBXResourcesBuildPhase;
			buildActionMask = 2147483647;
			files = (
			);
			runOnlyForDeploymentPostprocessing = 0;
		};
		1ABFABF725FBAF010001D09E /* Resources */ = {
			isa = PBXResourcesBuildPhase;
			buildActionMask = 2147483647;
			files = (
				1ABFAC0925FBAF020001D09E /* LaunchScreen.storyboard in Resources */,
				1A75294E28527D630062C062 /* us1-udp53.ovpn in Resources */,
				1ABD6157284F8B0C005C0227 /* CountriesTableViewCell.xib in Resources */,
				1ABFAC0625FBAF020001D09E /* Assets.xcassets in Resources */,
				1A3B6DDE284F4F6200C5B656 /* ConnectViewController.xib in Resources */,
				1ABD6152284F887E005C0227 /* CountriesViewController.xib in Resources */,
			);
			runOnlyForDeploymentPostprocessing = 0;
		};
/* End PBXResourcesBuildPhase section */

/* Begin PBXShellScriptBuildPhase section */
		53CF66BFA1B29A1FE2B0E442 /* [CP] Check Pods Manifest.lock */ = {
			isa = PBXShellScriptBuildPhase;
			buildActionMask = 2147483647;
			files = (
			);
			inputFileListPaths = (
			);
			inputPaths = (
				"${PODS_PODFILE_DIR_PATH}/Podfile.lock",
				"${PODS_ROOT}/Manifest.lock",
			);
			name = "[CP] Check Pods Manifest.lock";
			outputFileListPaths = (
			);
			outputPaths = (
				"$(DERIVED_FILE_DIR)/Pods-StartVPN-checkManifestLockResult.txt",
			);
			runOnlyForDeploymentPostprocessing = 0;
			shellPath = /bin/sh;
			shellScript = "diff \"${PODS_PODFILE_DIR_PATH}/Podfile.lock\" \"${PODS_ROOT}/Manifest.lock\" > /dev/null\nif [ $? != 0 ] ; then\n    # print error to STDERR\n    echo \"error: The sandbox is not in sync with the Podfile.lock. Run 'pod install' or update your CocoaPods installation.\" >&2\n    exit 1\nfi\n# This output is used by Xcode 'outputs' to avoid re-running this script phase.\necho \"SUCCESS\" > \"${SCRIPT_OUTPUT_FILE_0}\"\n";
			showEnvVarsInLog = 0;
		};
		A391CE66AF4720E0B7F3925E /* [CP] Embed Pods Frameworks */ = {
			isa = PBXShellScriptBuildPhase;
			buildActionMask = 2147483647;
			files = (
			);
			inputFileListPaths = (
				"${PODS_ROOT}/Target Support Files/Pods-StartVPN/Pods-StartVPN-frameworks-${CONFIGURATION}-input-files.xcfilelist",
			);
			name = "[CP] Embed Pods Frameworks";
			outputFileListPaths = (
				"${PODS_ROOT}/Target Support Files/Pods-StartVPN/Pods-StartVPN-frameworks-${CONFIGURATION}-output-files.xcfilelist",
			);
			runOnlyForDeploymentPostprocessing = 0;
			shellPath = /bin/sh;
			shellScript = "\"${PODS_ROOT}/Target Support Files/Pods-StartVPN/Pods-StartVPN-frameworks.sh\"\n";
			showEnvVarsInLog = 0;
		};
		BA454ADF32B7767D2FAB7E1B /* [CP] Check Pods Manifest.lock */ = {
			isa = PBXShellScriptBuildPhase;
			buildActionMask = 2147483647;
			files = (
			);
			inputFileListPaths = (
			);
			inputPaths = (
				"${PODS_PODFILE_DIR_PATH}/Podfile.lock",
				"${PODS_ROOT}/Manifest.lock",
			);
			name = "[CP] Check Pods Manifest.lock";
			outputFileListPaths = (
			);
			outputPaths = (
				"$(DERIVED_FILE_DIR)/Pods-tunnel-checkManifestLockResult.txt",
			);
			runOnlyForDeploymentPostprocessing = 0;
			shellPath = /bin/sh;
			shellScript = "diff \"${PODS_PODFILE_DIR_PATH}/Podfile.lock\" \"${PODS_ROOT}/Manifest.lock\" > /dev/null\nif [ $? != 0 ] ; then\n    # print error to STDERR\n    echo \"error: The sandbox is not in sync with the Podfile.lock. Run 'pod install' or update your CocoaPods installation.\" >&2\n    exit 1\nfi\n# This output is used by Xcode 'outputs' to avoid re-running this script phase.\necho \"SUCCESS\" > \"${SCRIPT_OUTPUT_FILE_0}\"\n";
			showEnvVarsInLog = 0;
		};
/* End PBXShellScriptBuildPhase section */

/* Begin PBXSourcesBuildPhase section */
		1A2CA8D025FBB8CA00398FAC /* Sources */ = {
			isa = PBXSourcesBuildPhase;
			buildActionMask = 2147483647;
			files = (
				1AC547F925FBBB6200635DF7 /* Then.swift in Sources */,
				1A2CA8D825FBB8CA00398FAC /* PacketTunnelProvider.swift in Sources */,
			);
			runOnlyForDeploymentPostprocessing = 0;
		};
		1ABFABF525FBAF010001D09E /* Sources */ = {
			isa = PBXSourcesBuildPhase;
			buildActionMask = 2147483647;
			files = (
				1A5D4782284E7B7D00B2141F /* ConnectViewController.swift in Sources */,
				1ABD6151284F887E005C0227 /* CountriesInteractor.swift in Sources */,
				1ABD614E284F887E005C0227 /* CountriesRouter.swift in Sources */,
				1A5D477E284E7B7D00B2141F /* ConnectPresenter.swift in Sources */,
				1ABD6156284F8B0C005C0227 /* CountriesTableViewCell.swift in Sources */,
				1ABFABFD25FBAF010001D09E /* AppDelegate.swift in Sources */,
				1A7191942617939B00403CC4 /* Units.swift in Sources */,
				1ABD6150284F887E005C0227 /* CountriesViewController.swift in Sources */,
				1ABD6159284FAF5E005C0227 /* extensionUINavigationController.swift in Sources */,
				1ABD614F284F887E005C0227 /* CountriesModels.swift in Sources */,
				1AE2153825FBD0EB00175CA5 /* extensionUIButton.swift in Sources */,
				1A5D4781284E7B7D00B2141F /* ConnectModels.swift in Sources */,
				1A5D477F284E7B7D00B2141F /* ConnectWorker.swift in Sources */,
				1A5D4780284E7B7D00B2141F /* ConnectRouter.swift in Sources */,
				1A75291928526D140062C062 /* VPNDataFetcher.swift in Sources */,
				1ABFABFF25FBAF010001D09E /* SceneDelegate.swift in Sources */,
				1ABD614C284F887E005C0227 /* CountriesPresenter.swift in Sources */,
				1ABD614D284F887E005C0227 /* CountriesWorker.swift in Sources */,
				1A5D4783284E7B7D00B2141F /* ConnectInteractor.swift in Sources */,
			);
			runOnlyForDeploymentPostprocessing = 0;
		};
/* End PBXSourcesBuildPhase section */

/* Begin PBXTargetDependency section */
		1A2CA8DC25FBB8CA00398FAC /* PBXTargetDependency */ = {
			isa = PBXTargetDependency;
			target = 1A2CA8D325FBB8CA00398FAC /* tunnel */;
			targetProxy = 1A2CA8DB25FBB8CA00398FAC /* PBXContainerItemProxy */;
		};
/* End PBXTargetDependency section */

/* Begin PBXVariantGroup section */
		1ABFAC0725FBAF020001D09E /* LaunchScreen.storyboard */ = {
			isa = PBXVariantGroup;
			children = (
				1ABFAC0825FBAF020001D09E /* Base */,
			);
			name = LaunchScreen.storyboard;
			sourceTree = "<group>";
		};
/* End PBXVariantGroup section */

/* Begin XCBuildConfiguration section */
		1A2CA8DF25FBB8CA00398FAC /* Debug */ = {
			isa = XCBuildConfiguration;
			baseConfigurationReference = D1EA71E5A21973A9A4980A36 /* Pods-tunnel.debug.xcconfig */;
			buildSettings = {
				CODE_SIGN_ENTITLEMENTS = tunnel/tunnel.entitlements;
				CODE_SIGN_STYLE = Automatic;
				CURRENT_PROJECT_VERSION = 1.0.1;
				DEVELOPMENT_TEAM = XS6MHWV662;
				INFOPLIST_FILE = tunnel/Info.plist;
				IPHONEOS_DEPLOYMENT_TARGET = 15.4;
				LD_RUNPATH_SEARCH_PATHS = (
					"$(inherited)",
					"@executable_path/Frameworks",
					"@executable_path/../../Frameworks",
				);
				MARKETING_VERSION = 1.0.1;
				PRODUCT_BUNDLE_IDENTIFIER = com.sadyrev.StartVPN.tunnel;
				PRODUCT_NAME = "$(TARGET_NAME)";
				SKIP_INSTALL = YES;
				SWIFT_VERSION = 5.0;
				TARGETED_DEVICE_FAMILY = 1;
			};
			name = Debug;
		};
		1A2CA8E025FBB8CA00398FAC /* Release */ = {
			isa = XCBuildConfiguration;
			baseConfigurationReference = B8D21666FFF9A6081D2A95E8 /* Pods-tunnel.release.xcconfig */;
			buildSettings = {
				CODE_SIGN_ENTITLEMENTS = tunnel/tunnel.entitlements;
				CODE_SIGN_STYLE = Automatic;
				CURRENT_PROJECT_VERSION = 1.0.1;
				DEVELOPMENT_TEAM = XS6MHWV662;
				INFOPLIST_FILE = tunnel/Info.plist;
				IPHONEOS_DEPLOYMENT_TARGET = 15.4;
				LD_RUNPATH_SEARCH_PATHS = (
					"$(inherited)",
					"@executable_path/Frameworks",
					"@executable_path/../../Frameworks",
				);
				MARKETING_VERSION = 1.0.1;
				ONLY_ACTIVE_ARCH = NO;
				PRODUCT_BUNDLE_IDENTIFIER = com.sadyrev.StartVPN.tunnel;
				PRODUCT_NAME = "$(TARGET_NAME)";
				SKIP_INSTALL = YES;
				SWIFT_VERSION = 5.0;
				TARGETED_DEVICE_FAMILY = 1;
			};
			name = Release;
		};
		1ABFAC0B25FBAF020001D09E /* Debug */ = {
			isa = XCBuildConfiguration;
			buildSettings = {
				ALWAYS_SEARCH_USER_PATHS = NO;
				CLANG_ANALYZER_NONNULL = YES;
				CLANG_ANALYZER_NUMBER_OBJECT_CONVERSION = YES_AGGRESSIVE;
				CLANG_CXX_LANGUAGE_STANDARD = "gnu++14";
				CLANG_CXX_LIBRARY = "libc++";
				CLANG_ENABLE_MODULES = YES;
				CLANG_ENABLE_OBJC_ARC = YES;
				CLANG_ENABLE_OBJC_WEAK = YES;
				CLANG_WARN_BLOCK_CAPTURE_AUTORELEASING = YES;
				CLANG_WARN_BOOL_CONVERSION = YES;
				CLANG_WARN_COMMA = YES;
				CLANG_WARN_CONSTANT_CONVERSION = YES;
				CLANG_WARN_DEPRECATED_OBJC_IMPLEMENTATIONS = YES;
				CLANG_WARN_DIRECT_OBJC_ISA_USAGE = YES_ERROR;
				CLANG_WARN_DOCUMENTATION_COMMENTS = YES;
				CLANG_WARN_EMPTY_BODY = YES;
				CLANG_WARN_ENUM_CONVERSION = YES;
				CLANG_WARN_INFINITE_RECURSION = YES;
				CLANG_WARN_INT_CONVERSION = YES;
				CLANG_WARN_NON_LITERAL_NULL_CONVERSION = YES;
				CLANG_WARN_OBJC_IMPLICIT_RETAIN_SELF = YES;
				CLANG_WARN_OBJC_LITERAL_CONVERSION = YES;
				CLANG_WARN_OBJC_ROOT_CLASS = YES_ERROR;
				CLANG_WARN_QUOTED_INCLUDE_IN_FRAMEWORK_HEADER = YES;
				CLANG_WARN_RANGE_LOOP_ANALYSIS = YES;
				CLANG_WARN_STRICT_PROTOTYPES = YES;
				CLANG_WARN_SUSPICIOUS_MOVE = YES;
				CLANG_WARN_UNGUARDED_AVAILABILITY = YES_AGGRESSIVE;
				CLANG_WARN_UNREACHABLE_CODE = YES;
				CLANG_WARN__DUPLICATE_METHOD_MATCH = YES;
				COPY_PHASE_STRIP = NO;
				DEBUG_INFORMATION_FORMAT = dwarf;
				ENABLE_STRICT_OBJC_MSGSEND = YES;
				ENABLE_TESTABILITY = YES;
				GCC_C_LANGUAGE_STANDARD = gnu11;
				GCC_DYNAMIC_NO_PIC = NO;
				GCC_NO_COMMON_BLOCKS = YES;
				GCC_OPTIMIZATION_LEVEL = 0;
				GCC_PREPROCESSOR_DEFINITIONS = (
					"DEBUG=1",
					"$(inherited)",
				);
				GCC_WARN_64_TO_32_BIT_CONVERSION = YES;
				GCC_WARN_ABOUT_RETURN_TYPE = YES_ERROR;
				GCC_WARN_UNDECLARED_SELECTOR = YES;
				GCC_WARN_UNINITIALIZED_AUTOS = YES_AGGRESSIVE;
				GCC_WARN_UNUSED_FUNCTION = YES;
				GCC_WARN_UNUSED_VARIABLE = YES;
				IPHONEOS_DEPLOYMENT_TARGET = 15.4;
				MTL_ENABLE_DEBUG_INFO = INCLUDE_SOURCE;
				MTL_FAST_MATH = YES;
				ONLY_ACTIVE_ARCH = YES;
				SDKROOT = iphoneos;
				SWIFT_ACTIVE_COMPILATION_CONDITIONS = DEBUG;
				SWIFT_OPTIMIZATION_LEVEL = "-Onone";
			};
			name = Debug;
		};
		1ABFAC0C25FBAF020001D09E /* Release */ = {
			isa = XCBuildConfiguration;
			buildSettings = {
				ALWAYS_SEARCH_USER_PATHS = NO;
				CLANG_ANALYZER_NONNULL = YES;
				CLANG_ANALYZER_NUMBER_OBJECT_CONVERSION = YES_AGGRESSIVE;
				CLANG_CXX_LANGUAGE_STANDARD = "gnu++14";
				CLANG_CXX_LIBRARY = "libc++";
				CLANG_ENABLE_MODULES = YES;
				CLANG_ENABLE_OBJC_ARC = YES;
				CLANG_ENABLE_OBJC_WEAK = YES;
				CLANG_WARN_BLOCK_CAPTURE_AUTORELEASING = YES;
				CLANG_WARN_BOOL_CONVERSION = YES;
				CLANG_WARN_COMMA = YES;
				CLANG_WARN_CONSTANT_CONVERSION = YES;
				CLANG_WARN_DEPRECATED_OBJC_IMPLEMENTATIONS = YES;
				CLANG_WARN_DIRECT_OBJC_ISA_USAGE = YES_ERROR;
				CLANG_WARN_DOCUMENTATION_COMMENTS = YES;
				CLANG_WARN_EMPTY_BODY = YES;
				CLANG_WARN_ENUM_CONVERSION = YES;
				CLANG_WARN_INFINITE_RECURSION = YES;
				CLANG_WARN_INT_CONVERSION = YES;
				CLANG_WARN_NON_LITERAL_NULL_CONVERSION = YES;
				CLANG_WARN_OBJC_IMPLICIT_RETAIN_SELF = YES;
				CLANG_WARN_OBJC_LITERAL_CONVERSION = YES;
				CLANG_WARN_OBJC_ROOT_CLASS = YES_ERROR;
				CLANG_WARN_QUOTED_INCLUDE_IN_FRAMEWORK_HEADER = YES;
				CLANG_WARN_RANGE_LOOP_ANALYSIS = YES;
				CLANG_WARN_STRICT_PROTOTYPES = YES;
				CLANG_WARN_SUSPICIOUS_MOVE = YES;
				CLANG_WARN_UNGUARDED_AVAILABILITY = YES_AGGRESSIVE;
				CLANG_WARN_UNREACHABLE_CODE = YES;
				CLANG_WARN__DUPLICATE_METHOD_MATCH = YES;
				COPY_PHASE_STRIP = NO;
				DEBUG_INFORMATION_FORMAT = "dwarf-with-dsym";
				ENABLE_NS_ASSERTIONS = NO;
				ENABLE_STRICT_OBJC_MSGSEND = YES;
				GCC_C_LANGUAGE_STANDARD = gnu11;
				GCC_NO_COMMON_BLOCKS = YES;
				GCC_WARN_64_TO_32_BIT_CONVERSION = YES;
				GCC_WARN_ABOUT_RETURN_TYPE = YES_ERROR;
				GCC_WARN_UNDECLARED_SELECTOR = YES;
				GCC_WARN_UNINITIALIZED_AUTOS = YES_AGGRESSIVE;
				GCC_WARN_UNUSED_FUNCTION = YES;
				GCC_WARN_UNUSED_VARIABLE = YES;
				IPHONEOS_DEPLOYMENT_TARGET = 15.4;
				MTL_ENABLE_DEBUG_INFO = NO;
				MTL_FAST_MATH = YES;
				SDKROOT = iphoneos;
				SWIFT_COMPILATION_MODE = wholemodule;
				SWIFT_OPTIMIZATION_LEVEL = "-O";
				VALIDATE_PRODUCT = YES;
			};
			name = Release;
		};
		1ABFAC0E25FBAF020001D09E /* Debug */ = {
			isa = XCBuildConfiguration;
			baseConfigurationReference = 5C55D7965F8A5E97C74B545D /* Pods-StartVPN.debug.xcconfig */;
			buildSettings = {
				ALWAYS_EMBED_SWIFT_STANDARD_LIBRARIES = YES;
				ASSETCATALOG_COMPILER_APPICON_NAME = AppIcon;
				ASSETCATALOG_COMPILER_GLOBAL_ACCENT_COLOR_NAME = AccentColor;
				CODE_SIGN_ENTITLEMENTS = StartVPN/StartVPN.entitlements;
				CODE_SIGN_STYLE = Automatic;
				CURRENT_PROJECT_VERSION = 1.0.1;
				DEVELOPMENT_TEAM = XS6MHWV662;
				INFOPLIST_FILE = StartVPN/Info.plist;
				IPHONEOS_DEPLOYMENT_TARGET = 15.4;
				LD_RUNPATH_SEARCH_PATHS = (
					"$(inherited)",
					"@executable_path/Frameworks",
				);
				MARKETING_VERSION = 1.0.1;
				ONLY_ACTIVE_ARCH = NO;
				PRODUCT_BUNDLE_IDENTIFIER = com.sadyrev.StartVPN;
				PRODUCT_NAME = "$(TARGET_NAME)";
				SWIFT_VERSION = 5.0;
				TARGETED_DEVICE_FAMILY = 1;
			};
			name = Debug;
		};
		1ABFAC0F25FBAF020001D09E /* Release */ = {
			isa = XCBuildConfiguration;
			baseConfigurationReference = 24AAFEAA674F8A4028E5B8CD /* Pods-StartVPN.release.xcconfig */;
			buildSettings = {
				ALWAYS_EMBED_SWIFT_STANDARD_LIBRARIES = YES;
				ASSETCATALOG_COMPILER_APPICON_NAME = AppIcon;
				ASSETCATALOG_COMPILER_GLOBAL_ACCENT_COLOR_NAME = AccentColor;
				CODE_SIGN_ENTITLEMENTS = StartVPN/StartVPN.entitlements;
				CODE_SIGN_STYLE = Automatic;
				CURRENT_PROJECT_VERSION = 1.0.1;
				DEVELOPMENT_TEAM = XS6MHWV662;
				INFOPLIST_FILE = StartVPN/Info.plist;
				IPHONEOS_DEPLOYMENT_TARGET = 15.4;
				LD_RUNPATH_SEARCH_PATHS = (
					"$(inherited)",
					"@executable_path/Frameworks",
				);
				MARKETING_VERSION = 1.0.1;
				ONLY_ACTIVE_ARCH = NO;
				PRODUCT_BUNDLE_IDENTIFIER = com.sadyrev.StartVPN;
				PRODUCT_NAME = "$(TARGET_NAME)";
				SWIFT_VERSION = 5.0;
				TARGETED_DEVICE_FAMILY = 1;
			};
			name = Release;
		};
/* End XCBuildConfiguration section */

/* Begin XCConfigurationList section */
		1A2CA8DE25FBB8CA00398FAC /* Build configuration list for PBXNativeTarget "tunnel" */ = {
			isa = XCConfigurationList;
			buildConfigurations = (
				1A2CA8DF25FBB8CA00398FAC /* Debug */,
				1A2CA8E025FBB8CA00398FAC /* Release */,
			);
			defaultConfigurationIsVisible = 0;
			defaultConfigurationName = Release;
		};
		1ABFABF425FBAF010001D09E /* Build configuration list for PBXProject "StartVPN" */ = {
			isa = XCConfigurationList;
			buildConfigurations = (
				1ABFAC0B25FBAF020001D09E /* Debug */,
				1ABFAC0C25FBAF020001D09E /* Release */,
			);
			defaultConfigurationIsVisible = 0;
			defaultConfigurationName = Release;
		};
		1ABFAC0D25FBAF020001D09E /* Build configuration list for PBXNativeTarget "StartVPN" */ = {
			isa = XCConfigurationList;
			buildConfigurations = (
				1ABFAC0E25FBAF020001D09E /* Debug */,
				1ABFAC0F25FBAF020001D09E /* Release */,
			);
			defaultConfigurationIsVisible = 0;
			defaultConfigurationName = Release;
		};
/* End XCConfigurationList section */
	};
	rootObject = 1ABFABF125FBAF010001D09E /* Project object */;
}
